{
  "name": "dcoder_documentation",
  "version": "0.0.1",
  "lockfileVersion": 1,
  "requires": true,
  "dependencies": {
    "@vuepress/plugin-back-to-top": {
      "version": "1.5.3",
      "resolved": "https://registry.npmjs.org/@vuepress/plugin-back-to-top/-/plugin-back-to-top-1.5.3.tgz",
      "integrity": "sha512-ZrEhdYUIu8ywvTIDBztzPF7YO09bWrNX+HSI9BMvF+8XhDt4MG5XRuoVDq8WTN2YZMdFTVSRzWXxlGm9aZ+eGQ==",
      "dev": true,
      "requires": {
        "lodash.debounce": "^4.0.8"
      }
    },
    "@vuepress/plugin-medium-zoom": {
      "version": "1.5.3",
      "resolved": "https://registry.npmjs.org/@vuepress/plugin-medium-zoom/-/plugin-medium-zoom-1.5.3.tgz",
      "integrity": "sha512-iyr6i8FNeZIlwEV7c43cISXCShot9c6BcLj7D2U1P69gawPfxLfRDPOP/P0uCIqm6vrgQmOR9SEWBkkWpCOE5Q==",
      "dev": true,
      "requires": {
        "medium-zoom": "^1.0.4"
      }
    },
    "lodash.debounce": {
      "version": "4.0.8",
      "resolved": "https://registry.npmjs.org/lodash.debounce/-/lodash.debounce-4.0.8.tgz",
      "integrity": "sha1-gteb/zCmfEAF/9XiUVMArZyk168=",
      "dev": true
    },
    "medium-zoom": {
      "version": "1.0.6",
      "resolved": "https://registry.npmjs.org/medium-zoom/-/medium-zoom-1.0.6.tgz",
      "integrity": "sha512-UdiUWfvz9fZMg1pzf4dcuqA0W079o0mpqbTnOz5ip4VGYX96QjmbM+OgOU/0uOzAytxC0Ny4z+VcYQnhdifimg==",
      "dev": true
    }
  }
}
